# This file is automatically @generated by Cargo.
# It is not intended for manual editing.
version = 3

[[package]]
name = "dmarc-parser"
version = "0.1.0"
dependencies = [
 "quick-xml",
]

[[package]]
name = "memchr"
version = "2.7.4"
source = "registry+https://github.com/rust-lang/crates.io-index"
checksum = "78ca9ab1a0babb1e7d5695e3530886289c18cf2f87ec19a575a0abdce112e3a3"

[[package]]
name = "quick-xml"
version = "0.36.1"
source = "registry+https://github.com/rust-lang/crates.io-index"
checksum = "96a05e2e8efddfa51a84ca47cec303fac86c8541b686d37cac5efc0e094417bc"
dependencies = [
 "memchr",
]
